// !$*UTF8*$!
{
	archiveVersion = 1;
	classes = {
	};
	objectVersion = 46;
	objects = {

/* Begin PBXBuildFile section */
		584FA006968369E14659A505 /* UserCredentialsFromKeychain.swift in Sources */ = {isa = PBXBuildFile; fileRef = 584FA87B4936042FDF42F97E /* UserCredentialsFromKeychain.swift */; };
		584FA065DCE2F41F7910044C /* AspectFitImageView.swift in Sources */ = {isa = PBXBuildFile; fileRef = 584FAFDA8A4D227E6568E180 /* AspectFitImageView.swift */; };
		584FA06A7342B2F5D4D8AAFF /* CodeRequest.swift in Sources */ = {isa = PBXBuildFile; fileRef = 584FAFA6953DE88D067418A0 /* CodeRequest.swift */; };
		584FA0CB1ACAF2036ED80691 /* Business.swift in Sources */ = {isa = PBXBuildFile; fileRef = 584FA577C38661371347AFC2 /* Business.swift */; };
		584FA0CEA41334D9011B7BE1 /* UIButton.swift in Sources */ = {isa = PBXBuildFile; fileRef = 584FA3F6CB53C4E22B28A857 /* UIButton.swift */; };
		584FA0D6C643267F6410B881 /* SearchView.swift in Sources */ = {isa = PBXBuildFile; fileRef = 584FA5B24A9B8F98476C3204 /* SearchView.swift */; };
		584FA0F5613906BFE5A8D695 /* AuthorityFromToken.swift in Sources */ = {isa = PBXBuildFile; fileRef = 584FAA81E042058A497CBE04 /* AuthorityFromToken.swift */; };
		584FA10B0567A959773527C0 /* UIColor.swift in Sources */ = {isa = PBXBuildFile; fileRef = 584FA70BE5DA798902D9413F /* UIColor.swift */; };
		584FA1198A797EDCD1F9F85E /* Token.swift in Sources */ = {isa = PBXBuildFile; fileRef = 584FA890978E03508FD144F1 /* Token.swift */; };
		584FA16646E6241513C68254 /* HorizontalStackView.swift in Sources */ = {isa = PBXBuildFile; fileRef = 584FA994FADD852A1F87E40D /* HorizontalStackView.swift */; };
		584FA18D49AE663BF64F3E57 /* Date+Utilities.swift in Sources */ = {isa = PBXBuildFile; fileRef = 584FA4854824C169B12AD30F /* Date+Utilities.swift */; };
		584FA196CDD8E7E3A9790B39 /* Assets.xcassets in Resources */ = {isa = PBXBuildFile; fileRef = 584FA32237C5D5CBD3EB9077 /* Assets.xcassets */; };
		584FA198F4984AA06E8E0A79 /* AnonimousAuthority.swift in Sources */ = {isa = PBXBuildFile; fileRef = 584FA3705D261C5606DFFE31 /* AnonimousAuthority.swift */; };
		584FA1BF850681604E9DCD00 /* AnonymousToken.swift in Sources */ = {isa = PBXBuildFile; fileRef = 584FA99BC0027F79EC95C943 /* AnonymousToken.swift */; };
		584FA1C6663CEAB5C4C22A7C /* Logout.swift in Sources */ = {isa = PBXBuildFile; fileRef = 584FA7D1F84D274A9BF36D20 /* Logout.swift */; };
		584FA1CC8D88FE2BB1D13618 /* ProximaNova-Regular.ttf in Resources */ = {isa = PBXBuildFile; fileRef = 584FA5DE4A67DC996C36694D /* ProximaNova-Regular.ttf */; };
		584FA2568F7EE9D54B1D8B40 /* CachingToken.swift in Sources */ = {isa = PBXBuildFile; fileRef = 584FA6091DB7C4B71597488C /* CachingToken.swift */; };
		584FA283EBF9BC0C186C91A7 /* UIFont.swift in Sources */ = {isa = PBXBuildFile; fileRef = 584FAA421CF07923A4248C87 /* UIFont.swift */; };
		584FA28B5AD87D016609D15F /* StandardSectionModel.swift in Sources */ = {isa = PBXBuildFile; fileRef = 584FAACAA6988A0B07B1E4D6 /* StandardSectionModel.swift */; };
		584FA29569F27605941637FD /* Recoverable.swift in Sources */ = {isa = PBXBuildFile; fileRef = 584FADF31D94178EA638671A /* Recoverable.swift */; };
		584FA30F93DC9419A9C3A860 /* MyInvestment.swift in Sources */ = {isa = PBXBuildFile; fileRef = 584FA4921BB3A632C0198B4F /* MyInvestment.swift */; };
		584FA363FA056B4A7327AC8E /* UITableView.swift in Sources */ = {isa = PBXBuildFile; fileRef = 584FA08E079D249E2FF45057 /* UITableView.swift */; };
		584FA37BF6E08503C979EA25 /* UIView.swift in Sources */ = {isa = PBXBuildFile; fileRef = 584FABE53EC761E8F144A39B /* UIView.swift */; };
		584FA3D797673FA96B8E016F /* UIBarButtonItem.swift in Sources */ = {isa = PBXBuildFile; fileRef = 584FA0CA4975FBAF4E985263 /* UIBarButtonItem.swift */; };
		584FA405DA656202F1447E15 /* ObservableImage.swift in Sources */ = {isa = PBXBuildFile; fileRef = 584FA01E2B8151819F41CA79 /* ObservableImage.swift */; };
		584FA41ABE66BAF4E5A52007 /* LaunchScreen.storyboard in Resources */ = {isa = PBXBuildFile; fileRef = 584FAFB9F4AB0AF1F7105331 /* LaunchScreen.storyboard */; };
		584FA46D1F5729B081B1ED21 /* MyInvestments.swift in Sources */ = {isa = PBXBuildFile; fileRef = 584FA3080C54F269F1B43D0D /* MyInvestments.swift */; };
		584FA4739837455C6549E1B4 /* FakeLogout.swift in Sources */ = {isa = PBXBuildFile; fileRef = 584FA76C2E809B5F72C4562B /* FakeLogout.swift */; };
		584FA4ADB046BF2560C69891 /* TitlableModelFilteringStrategy.swift in Sources */ = {isa = PBXBuildFile; fileRef = 584FAFA6E57BF418184A197B /* TitlableModelFilteringStrategy.swift */; };
		584FA4C248736330A15470C2 /* PhoneNumberView.swift in Sources */ = {isa = PBXBuildFile; fileRef = 584FADAFCB7F315BCEAB8C9C /* PhoneNumberView.swift */; };
		584FA4DC4393B5FAD06830C7 /* BalanceInfo.swift in Sources */ = {isa = PBXBuildFile; fileRef = 584FA72A67F0AB2A45B0D3D3 /* BalanceInfo.swift */; };
		584FA4E302BB847B673F819B /* UITextField.swift in Sources */ = {isa = PBXBuildFile; fileRef = 584FA48F852882B2ECBF80BD /* UITextField.swift */; };
		584FA56FD05B43E91264A675 /* Command.swift in Sources */ = {isa = PBXBuildFile; fileRef = 584FAFFF14A0FA060AFCDE46 /* Command.swift */; };
		584FA5B0694EF3E8D8369280 /* UserCredentials.swift in Sources */ = {isa = PBXBuildFile; fileRef = 584FA7B91F7D24D8228053EB /* UserCredentials.swift */; };
		584FA5B5FE16BCE2FF56F8BF /* States.swift in Sources */ = {isa = PBXBuildFile; fileRef = 584FAA3B4A61B1FD2C61731C /* States.swift */; };
		584FA5BB0F526022E85CCBC9 /* AuthorizationRequestViewController.swift in Sources */ = {isa = PBXBuildFile; fileRef = 584FAF9E370298B9997130DE /* AuthorizationRequestViewController.swift */; };
		584FA5E36E8B9547DEA6E7EE /* StandardNavigationController.swift in Sources */ = {isa = PBXBuildFile; fileRef = 584FA12A09CB11CEC4D6B13A /* StandardNavigationController.swift */; };
		584FA6603C506496CA048412 /* Balance.swift in Sources */ = {isa = PBXBuildFile; fileRef = 584FA59DD7F222BBA3FE98EF /* Balance.swift */; };
		584FA67635ADE5C1C0CAF708 /* ImageFrom.swift in Sources */ = {isa = PBXBuildFile; fileRef = 584FA057DBA02431A020165A /* ImageFrom.swift */; };
		584FA6A67414F2C54B927D72 /* InvestmentCategories.swift in Sources */ = {isa = PBXBuildFile; fileRef = 584FA6A8DC40C31A61B35345 /* InvestmentCategories.swift */; };
		584FA6D658BD4A50604683E1 /* Int.swift in Sources */ = {isa = PBXBuildFile; fileRef = 584FA7CD350BE0E92D96D844 /* Int.swift */; };
		584FA6E75FDB29F0584A50A6 /* Titlable.swift in Sources */ = {isa = PBXBuildFile; fileRef = 584FADA0FC602D486611262D /* Titlable.swift */; };
		584FA6EA835F1A2DBD75CD88 /* FakeUserCredentials.swift in Sources */ = {isa = PBXBuildFile; fileRef = 584FA253A805C29EE9B57F86 /* FakeUserCredentials.swift */; };
		584FA73B3FA8D2D23B82ED39 /* UIImageView.swift in Sources */ = {isa = PBXBuildFile; fileRef = 584FA903415B4FA4338CABAA /* UIImageView.swift */; };
		584FA769A4D7A32D03F12E6F /* URLRequest.swift in Sources */ = {isa = PBXBuildFile; fileRef = 584FA7A8B13623ECC5CC9B7F /* URLRequest.swift */; };
		584FA77EC2ADF4284E1C1C31 /* InvestmentCharacteristic.swift in Sources */ = {isa = PBXBuildFile; fileRef = 584FADD68F59A8B57FEE293D /* InvestmentCharacteristic.swift */; };
		584FA79E57327642F4012DDC /* UIScrollView.swift in Sources */ = {isa = PBXBuildFile; fileRef = 584FA4FE535C89785D85B6E9 /* UIScrollView.swift */; };
		584FA7BC8F6082C1E0A79C75 /* AuthorizationCodeViewController.swift in Sources */ = {isa = PBXBuildFile; fileRef = 584FA6223B04C1C9AD4BB527 /* AuthorizationCodeViewController.swift */; };
		584FA7C1AE48178EF8FE2359 /* Phone.swift in Sources */ = {isa = PBXBuildFile; fileRef = 584FACF40FB867C98E426D69 /* Phone.swift */; };
		584FA7CB139D0943C6726CDD /* Refreshable.swift in Sources */ = {isa = PBXBuildFile; fileRef = 584FA91E81802936F1B44AF8 /* Refreshable.swift */; };
		584FA8021F36527F143C6D5C /* JSONError.swift in Sources */ = {isa = PBXBuildFile; fileRef = 584FAD188B8D650C595856C6 /* JSONError.swift */; };
		584FA804E32911582A5E1DD6 /* AuthorizationStackView.swift in Sources */ = {isa = PBXBuildFile; fileRef = 584FA2D8F2FB4A89D44EC07F /* AuthorizationStackView.swift */; };
		584FA8616E544B600E0C7BFA /* StandardCellContainer.swift in Sources */ = {isa = PBXBuildFile; fileRef = 584FAFD41846AF204B50E3FF /* StandardCellContainer.swift */; };
		584FA88240B3D6C2B79FBDC4 /* KeyboardAdjustingScrollView.swift in Sources */ = {isa = PBXBuildFile; fileRef = 584FA44D9DA8C98561D84F49 /* KeyboardAdjustingScrollView.swift */; };
		584FA888676C1C9B140D484D /* LogoutFromApplication.swift in Sources */ = {isa = PBXBuildFile; fileRef = 584FA9325FE35B125CE8A0DF /* LogoutFromApplication.swift */; };
		584FA8AE7FAA2D9B54C79F27 /* InvestmentCategory.swift in Sources */ = {isa = PBXBuildFile; fileRef = 584FA71DF1C139EE20C28D14 /* InvestmentCategory.swift */; };
		584FA8C07603DD9353F24DB7 /* RefreshableByRefreshControl.swift in Sources */ = {isa = PBXBuildFile; fileRef = 584FA89A2FE38C426384D464 /* RefreshableByRefreshControl.swift */; };
		584FA8D0585F576A3499A868 /* ErrorResponse.swift in Sources */ = {isa = PBXBuildFile; fileRef = 584FA7D39E2A4BF8B319763F /* ErrorResponse.swift */; };
		584FA901F50800C7A51EDBB9 /* StandardToolbar.swift in Sources */ = {isa = PBXBuildFile; fileRef = 584FABF5C586FEED48AC286E /* StandardToolbar.swift */; };
		584FA96D6B902EEC3C870646 /* StandardTableView.swift in Sources */ = {isa = PBXBuildFile; fileRef = 584FA85CA3DD95919D486FFF /* StandardTableView.swift */; };
		584FA9915FA6E5EDF45A16AD /* String.swift in Sources */ = {isa = PBXBuildFile; fileRef = 584FA7A24181E9DE21E15984 /* String.swift */; };
		584FAA056D99A68025877611 /* TokenFromKeychain.swift in Sources */ = {isa = PBXBuildFile; fileRef = 584FA678D69442FBF2249F66 /* TokenFromKeychain.swift */; };
		584FAA0F692F4CD257DB0FFB /* UIImage.swift in Sources */ = {isa = PBXBuildFile; fileRef = 584FAEB6623A8E5F0377D096 /* UIImage.swift */; };
		584FAA1390A62F67D905C937 /* AppDelegate.swift in Sources */ = {isa = PBXBuildFile; fileRef = 584FA829A3EA61BCD9907C7E /* AppDelegate.swift */; };
		584FAA4A070540C3B6AF17DE /* StandardLabel.swift in Sources */ = {isa = PBXBuildFile; fileRef = 584FA3474C112964C3583A4C /* StandardLabel.swift */; };
		584FAA59E71AB2FE2044E80D /* StandardRoundEdgeButton.swift in Sources */ = {isa = PBXBuildFile; fileRef = 584FAE260D584F4C835F15D7 /* StandardRoundEdgeButton.swift */; };
		584FAA778A5BB72F6B02A9C0 /* FakeCodeRequest.swift in Sources */ = {isa = PBXBuildFile; fileRef = 584FAB8968A5ED6A5852DD6E /* FakeCodeRequest.swift */; };
		584FAB187A702ECEF3D872E7 /* UserCredentialsFrom.swift in Sources */ = {isa = PBXBuildFile; fileRef = 584FAF8BED2E4D50F4B5A261 /* UserCredentialsFrom.swift */; };
		584FAB3833968DD822A1D0A5 /* UISearchBar.swift in Sources */ = {isa = PBXBuildFile; fileRef = 584FA07FBCCD80C61220AEFC /* UISearchBar.swift */; };
		584FAB6FE08CFCAC6A7CBB92 /* UIViewController.swift in Sources */ = {isa = PBXBuildFile; fileRef = 584FAB92C5018270F74FD862 /* UIViewController.swift */; };
		584FAB8D0A59B0B6260551D3 /* PushLabel.swift in Sources */ = {isa = PBXBuildFile; fileRef = 584FAF45E7AC11622F5F6528 /* PushLabel.swift */; };
		584FAC13DCE2259DB914A0F8 /* Authority.swift in Sources */ = {isa = PBXBuildFile; fileRef = 584FABCBC43D98162E2ECE85 /* Authority.swift */; };
		584FAC1F8CD9C6EF7134F25F /* UICollectionView.swift in Sources */ = {isa = PBXBuildFile; fileRef = 584FA5840A3182BEF3221CE5 /* UICollectionView.swift */; };
		584FAC67E2CC29ECF62D4945 /* FilterableByTitleCollection.swift in Sources */ = {isa = PBXBuildFile; fileRef = 584FA238DB627C9C4BE6F650 /* FilterableByTitleCollection.swift */; };
		584FAC7AFDBA87695C562BDD /* CachingUserCredentials.swift in Sources */ = {isa = PBXBuildFile; fileRef = 584FAE5CFFA6921BE7596783 /* CachingUserCredentials.swift */; };
		584FACE5919ECA306FE589E4 /* UIWindow.swift in Sources */ = {isa = PBXBuildFile; fileRef = 584FA7E11339CB4F98D18F4B /* UIWindow.swift */; };
		584FAD17DABFAD7F7AEABB2F /* LogoutConfirmationController.swift in Sources */ = {isa = PBXBuildFile; fileRef = 584FA16AD314208F9BAF41AD /* LogoutConfirmationController.swift */; };
		584FAD297AEBE9B3C50C534A /* SecondsToMinutesAndSecondsString.swift in Sources */ = {isa = PBXBuildFile; fileRef = 584FA1EC75C84B52F78CFA01 /* SecondsToMinutesAndSecondsString.swift */; };
		584FADCB6E3D66BE33D229B6 /* AuthorizationCodeStackView.swift in Sources */ = {isa = PBXBuildFile; fileRef = 584FAC2B04A3B5ABF8E45210 /* AuthorizationCodeStackView.swift */; };
		584FAE08F94BF4BC53A457D8 /* Unwrap.swift in Sources */ = {isa = PBXBuildFile; fileRef = 584FA0D2BA9FC8318575AE02 /* Unwrap.swift */; };
		584FAE58A1FDD19D8E4DE4D4 /* JSONToken.swift in Sources */ = {isa = PBXBuildFile; fileRef = 584FA046B97D90CF55C67680 /* JSONToken.swift */; };
		584FAE7F57EF798793027540 /* ErrorFrom.swift in Sources */ = {isa = PBXBuildFile; fileRef = 584FA04F66CF7CDFEDA98D6C /* ErrorFrom.swift */; };
		584FAE841D7A67E6D08AB221 /* UIStackView.swift in Sources */ = {isa = PBXBuildFile; fileRef = 584FA6193D70F0646D20E784 /* UIStackView.swift */; };
		584FAE9C67A8CC17444C80BC /* HeaderCell.swift in Sources */ = {isa = PBXBuildFile; fileRef = 584FA5A456A540EE94A2FA3D /* HeaderCell.swift */; };
		584FAEAE976DF305FC904643 /* CodeRequestTarget.swift in Sources */ = {isa = PBXBuildFile; fileRef = 584FA45DC66C4DB59942DA0D /* CodeRequestTarget.swift */; };
		584FAEAF49B94549D30060D5 /* VerticalStackView.swift in Sources */ = {isa = PBXBuildFile; fileRef = 584FA0A5627DAA2BD1C66581 /* VerticalStackView.swift */; };
		584FAEB03E50EED809E283A1 /* UnknownError.swift in Sources */ = {isa = PBXBuildFile; fileRef = 584FA361993B06E9FDB2D784 /* UnknownError.swift */; };
		584FAEBE14D5024DA2D9FF99 /* Countdown.swift in Sources */ = {isa = PBXBuildFile; fileRef = 584FA2633C92C8AA6332D81D /* Countdown.swift */; };
		584FAF0AC6A5B9B944D078A8 /* CodeTextField.swift in Sources */ = {isa = PBXBuildFile; fileRef = 584FA496744F81B943EA5B97 /* CodeTextField.swift */; };
		584FAFCA5151AF239A886047 /* JSONErrors.swift in Sources */ = {isa = PBXBuildFile; fileRef = 584FAB088ACF06915792FB43 /* JSONErrors.swift */; };
		584FAFFD6EA3A00557C34DF4 /* UILabel.swift in Sources */ = {isa = PBXBuildFile; fileRef = 584FA2853D5F67C6CA4C418B /* UILabel.swift */; };
		96EC9E221F6D159C004BF0BE /* ViewController.swift in Sources */ = {isa = PBXBuildFile; fileRef = 96EC9E211F6D159C004BF0BE /* ViewController.swift */; };
		96EC9E351F6D159C004BF0BE /* BackInvestTests.swift in Sources */ = {isa = PBXBuildFile; fileRef = 96EC9E341F6D159C004BF0BE /* BackInvestTests.swift */; };
		AB2C01C56AEE9BA3DDB87116 /* Pods_BackInvestTests.framework in Frameworks */ = {isa = PBXBuildFile; fileRef = 01639EC2EB45EAB5782E9378 /* Pods_BackInvestTests.framework */; };
		CF86FFF5E1A76D28B6C17454 /* Pods_BackInvest.framework in Frameworks */ = {isa = PBXBuildFile; fileRef = 00CA123D7B362AFABA47D704 /* Pods_BackInvest.framework */; };
/* End PBXBuildFile section */

/* Begin PBXContainerItemProxy section */
		96EC9E311F6D159C004BF0BE /* PBXContainerItemProxy */ = {
			isa = PBXContainerItemProxy;
			containerPortal = 96EC9E141F6D159C004BF0BE /* Project object */;
			proxyType = 1;
			remoteGlobalIDString = 96EC9E1B1F6D159C004BF0BE;
			remoteInfo = BackInvest;
		};
/* End PBXContainerItemProxy section */

/* Begin PBXFileReference section */
		00CA123D7B362AFABA47D704 /* Pods_BackInvest.framework */ = {isa = PBXFileReference; explicitFileType = wrapper.framework; includeInIndex = 0; path = Pods_BackInvest.framework; sourceTree = BUILT_PRODUCTS_DIR; };
		01639EC2EB45EAB5782E9378 /* Pods_BackInvestTests.framework */ = {isa = PBXFileReference; explicitFileType = wrapper.framework; includeInIndex = 0; path = Pods_BackInvestTests.framework; sourceTree = BUILT_PRODUCTS_DIR; };
		584FA01E2B8151819F41CA79 /* ObservableImage.swift */ = {isa = PBXFileReference; fileEncoding = 4; lastKnownFileType = sourcecode.swift; path = ObservableImage.swift; sourceTree = "<group>"; };
		584FA046B97D90CF55C67680 /* JSONToken.swift */ = {isa = PBXFileReference; fileEncoding = 4; lastKnownFileType = sourcecode.swift; path = JSONToken.swift; sourceTree = "<group>"; };
		584FA04F66CF7CDFEDA98D6C /* ErrorFrom.swift */ = {isa = PBXFileReference; fileEncoding = 4; lastKnownFileType = sourcecode.swift; path = ErrorFrom.swift; sourceTree = "<group>"; };
		584FA057DBA02431A020165A /* ImageFrom.swift */ = {isa = PBXFileReference; fileEncoding = 4; lastKnownFileType = sourcecode.swift; path = ImageFrom.swift; sourceTree = "<group>"; };
		584FA07FBCCD80C61220AEFC /* UISearchBar.swift */ = {isa = PBXFileReference; fileEncoding = 4; lastKnownFileType = sourcecode.swift; path = UISearchBar.swift; sourceTree = "<group>"; };
		584FA08E079D249E2FF45057 /* UITableView.swift */ = {isa = PBXFileReference; fileEncoding = 4; lastKnownFileType = sourcecode.swift; path = UITableView.swift; sourceTree = "<group>"; };
		584FA0A5627DAA2BD1C66581 /* VerticalStackView.swift */ = {isa = PBXFileReference; fileEncoding = 4; lastKnownFileType = sourcecode.swift; path = VerticalStackView.swift; sourceTree = "<group>"; };
		584FA0CA4975FBAF4E985263 /* UIBarButtonItem.swift */ = {isa = PBXFileReference; fileEncoding = 4; lastKnownFileType = sourcecode.swift; path = UIBarButtonItem.swift; sourceTree = "<group>"; };
		584FA0D2BA9FC8318575AE02 /* Unwrap.swift */ = {isa = PBXFileReference; fileEncoding = 4; lastKnownFileType = sourcecode.swift; path = Unwrap.swift; sourceTree = "<group>"; };
		584FA12A09CB11CEC4D6B13A /* StandardNavigationController.swift */ = {isa = PBXFileReference; fileEncoding = 4; lastKnownFileType = sourcecode.swift; path = StandardNavigationController.swift; sourceTree = "<group>"; };
		584FA16AD314208F9BAF41AD /* LogoutConfirmationController.swift */ = {isa = PBXFileReference; fileEncoding = 4; lastKnownFileType = sourcecode.swift; path = LogoutConfirmationController.swift; sourceTree = "<group>"; };
		584FA1EC75C84B52F78CFA01 /* SecondsToMinutesAndSecondsString.swift */ = {isa = PBXFileReference; fileEncoding = 4; lastKnownFileType = sourcecode.swift; path = SecondsToMinutesAndSecondsString.swift; sourceTree = "<group>"; };
		584FA238DB627C9C4BE6F650 /* FilterableByTitleCollection.swift */ = {isa = PBXFileReference; fileEncoding = 4; lastKnownFileType = sourcecode.swift; path = FilterableByTitleCollection.swift; sourceTree = "<group>"; };
		584FA253A805C29EE9B57F86 /* FakeUserCredentials.swift */ = {isa = PBXFileReference; fileEncoding = 4; lastKnownFileType = sourcecode.swift; path = FakeUserCredentials.swift; sourceTree = "<group>"; };
		584FA2633C92C8AA6332D81D /* Countdown.swift */ = {isa = PBXFileReference; fileEncoding = 4; lastKnownFileType = sourcecode.swift; path = Countdown.swift; sourceTree = "<group>"; };
		584FA2853D5F67C6CA4C418B /* UILabel.swift */ = {isa = PBXFileReference; fileEncoding = 4; lastKnownFileType = sourcecode.swift; path = UILabel.swift; sourceTree = "<group>"; };
		584FA2D8F2FB4A89D44EC07F /* AuthorizationStackView.swift */ = {isa = PBXFileReference; fileEncoding = 4; lastKnownFileType = sourcecode.swift; path = AuthorizationStackView.swift; sourceTree = "<group>"; };
		584FA3080C54F269F1B43D0D /* MyInvestments.swift */ = {isa = PBXFileReference; fileEncoding = 4; lastKnownFileType = sourcecode.swift; path = MyInvestments.swift; sourceTree = "<group>"; };
		584FA32237C5D5CBD3EB9077 /* Assets.xcassets */ = {isa = PBXFileReference; lastKnownFileType = folder.assetcatalog; path = Assets.xcassets; sourceTree = "<group>"; };
		584FA3474C112964C3583A4C /* StandardLabel.swift */ = {isa = PBXFileReference; fileEncoding = 4; lastKnownFileType = sourcecode.swift; path = StandardLabel.swift; sourceTree = "<group>"; };
		584FA361993B06E9FDB2D784 /* UnknownError.swift */ = {isa = PBXFileReference; fileEncoding = 4; lastKnownFileType = sourcecode.swift; path = UnknownError.swift; sourceTree = "<group>"; };
		584FA3705D261C5606DFFE31 /* AnonimousAuthority.swift */ = {isa = PBXFileReference; fileEncoding = 4; lastKnownFileType = sourcecode.swift; path = AnonimousAuthority.swift; sourceTree = "<group>"; };
		584FA3F6CB53C4E22B28A857 /* UIButton.swift */ = {isa = PBXFileReference; fileEncoding = 4; lastKnownFileType = sourcecode.swift; path = UIButton.swift; sourceTree = "<group>"; };
		584FA416AD54AC13760B8ACF /* Info.plist */ = {isa = PBXFileReference; fileEncoding = 4; lastKnownFileType = text.plist.info; path = Info.plist; sourceTree = "<group>"; };
		584FA44D9DA8C98561D84F49 /* KeyboardAdjustingScrollView.swift */ = {isa = PBXFileReference; fileEncoding = 4; lastKnownFileType = sourcecode.swift; path = KeyboardAdjustingScrollView.swift; sourceTree = "<group>"; };
		584FA45DC66C4DB59942DA0D /* CodeRequestTarget.swift */ = {isa = PBXFileReference; fileEncoding = 4; lastKnownFileType = sourcecode.swift; path = CodeRequestTarget.swift; sourceTree = "<group>"; };
		584FA4854824C169B12AD30F /* Date+Utilities.swift */ = {isa = PBXFileReference; fileEncoding = 4; lastKnownFileType = sourcecode.swift; path = "Date+Utilities.swift"; sourceTree = "<group>"; };
		584FA48F852882B2ECBF80BD /* UITextField.swift */ = {isa = PBXFileReference; fileEncoding = 4; lastKnownFileType = sourcecode.swift; path = UITextField.swift; sourceTree = "<group>"; };
		584FA4921BB3A632C0198B4F /* MyInvestment.swift */ = {isa = PBXFileReference; fileEncoding = 4; lastKnownFileType = sourcecode.swift; path = MyInvestment.swift; sourceTree = "<group>"; };
		584FA496744F81B943EA5B97 /* CodeTextField.swift */ = {isa = PBXFileReference; fileEncoding = 4; lastKnownFileType = sourcecode.swift; path = CodeTextField.swift; sourceTree = "<group>"; };
		584FA4FE535C89785D85B6E9 /* UIScrollView.swift */ = {isa = PBXFileReference; fileEncoding = 4; lastKnownFileType = sourcecode.swift; path = UIScrollView.swift; sourceTree = "<group>"; };
		584FA577C38661371347AFC2 /* Business.swift */ = {isa = PBXFileReference; fileEncoding = 4; lastKnownFileType = sourcecode.swift; path = Business.swift; sourceTree = "<group>"; };
		584FA5840A3182BEF3221CE5 /* UICollectionView.swift */ = {isa = PBXFileReference; fileEncoding = 4; lastKnownFileType = sourcecode.swift; path = UICollectionView.swift; sourceTree = "<group>"; };
		584FA59DD7F222BBA3FE98EF /* Balance.swift */ = {isa = PBXFileReference; fileEncoding = 4; lastKnownFileType = sourcecode.swift; path = Balance.swift; sourceTree = "<group>"; };
		584FA5A456A540EE94A2FA3D /* HeaderCell.swift */ = {isa = PBXFileReference; fileEncoding = 4; lastKnownFileType = sourcecode.swift; path = HeaderCell.swift; sourceTree = "<group>"; };
		584FA5B24A9B8F98476C3204 /* SearchView.swift */ = {isa = PBXFileReference; fileEncoding = 4; lastKnownFileType = sourcecode.swift; path = SearchView.swift; sourceTree = "<group>"; };
		584FA5DE4A67DC996C36694D /* ProximaNova-Regular.ttf */ = {isa = PBXFileReference; lastKnownFileType = file.ttf; path = "ProximaNova-Regular.ttf"; sourceTree = "<group>"; };
		584FA6091DB7C4B71597488C /* CachingToken.swift */ = {isa = PBXFileReference; fileEncoding = 4; lastKnownFileType = sourcecode.swift; path = CachingToken.swift; sourceTree = "<group>"; };
		584FA6193D70F0646D20E784 /* UIStackView.swift */ = {isa = PBXFileReference; fileEncoding = 4; lastKnownFileType = sourcecode.swift; path = UIStackView.swift; sourceTree = "<group>"; };
		584FA6223B04C1C9AD4BB527 /* AuthorizationCodeViewController.swift */ = {isa = PBXFileReference; fileEncoding = 4; lastKnownFileType = sourcecode.swift; path = AuthorizationCodeViewController.swift; sourceTree = "<group>"; };
		584FA678D69442FBF2249F66 /* TokenFromKeychain.swift */ = {isa = PBXFileReference; fileEncoding = 4; lastKnownFileType = sourcecode.swift; path = TokenFromKeychain.swift; sourceTree = "<group>"; };
		584FA6A8DC40C31A61B35345 /* InvestmentCategories.swift */ = {isa = PBXFileReference; fileEncoding = 4; lastKnownFileType = sourcecode.swift; path = InvestmentCategories.swift; sourceTree = "<group>"; };
		584FA70BE5DA798902D9413F /* UIColor.swift */ = {isa = PBXFileReference; fileEncoding = 4; lastKnownFileType = sourcecode.swift; path = UIColor.swift; sourceTree = "<group>"; };
		584FA71DF1C139EE20C28D14 /* InvestmentCategory.swift */ = {isa = PBXFileReference; fileEncoding = 4; lastKnownFileType = sourcecode.swift; path = InvestmentCategory.swift; sourceTree = "<group>"; };
		584FA72A67F0AB2A45B0D3D3 /* BalanceInfo.swift */ = {isa = PBXFileReference; fileEncoding = 4; lastKnownFileType = sourcecode.swift; path = BalanceInfo.swift; sourceTree = "<group>"; };
		584FA76C2E809B5F72C4562B /* FakeLogout.swift */ = {isa = PBXFileReference; fileEncoding = 4; lastKnownFileType = sourcecode.swift; path = FakeLogout.swift; sourceTree = "<group>"; };
		584FA7A24181E9DE21E15984 /* String.swift */ = {isa = PBXFileReference; fileEncoding = 4; lastKnownFileType = sourcecode.swift; path = String.swift; sourceTree = "<group>"; };
		584FA7A8B13623ECC5CC9B7F /* URLRequest.swift */ = {isa = PBXFileReference; fileEncoding = 4; lastKnownFileType = sourcecode.swift; path = URLRequest.swift; sourceTree = "<group>"; };
		584FA7B91F7D24D8228053EB /* UserCredentials.swift */ = {isa = PBXFileReference; fileEncoding = 4; lastKnownFileType = sourcecode.swift; path = UserCredentials.swift; sourceTree = "<group>"; };
		584FA7CD350BE0E92D96D844 /* Int.swift */ = {isa = PBXFileReference; fileEncoding = 4; lastKnownFileType = sourcecode.swift; path = Int.swift; sourceTree = "<group>"; };
		584FA7D1F84D274A9BF36D20 /* Logout.swift */ = {isa = PBXFileReference; fileEncoding = 4; lastKnownFileType = sourcecode.swift; path = Logout.swift; sourceTree = "<group>"; };
		584FA7D39E2A4BF8B319763F /* ErrorResponse.swift */ = {isa = PBXFileReference; fileEncoding = 4; lastKnownFileType = sourcecode.swift; path = ErrorResponse.swift; sourceTree = "<group>"; };
		584FA7E11339CB4F98D18F4B /* UIWindow.swift */ = {isa = PBXFileReference; fileEncoding = 4; lastKnownFileType = sourcecode.swift; path = UIWindow.swift; sourceTree = "<group>"; };
		584FA829A3EA61BCD9907C7E /* AppDelegate.swift */ = {isa = PBXFileReference; fileEncoding = 4; lastKnownFileType = sourcecode.swift; path = AppDelegate.swift; sourceTree = "<group>"; };
		584FA85CA3DD95919D486FFF /* StandardTableView.swift */ = {isa = PBXFileReference; fileEncoding = 4; lastKnownFileType = sourcecode.swift; path = StandardTableView.swift; sourceTree = "<group>"; };
		584FA87B4936042FDF42F97E /* UserCredentialsFromKeychain.swift */ = {isa = PBXFileReference; fileEncoding = 4; lastKnownFileType = sourcecode.swift; path = UserCredentialsFromKeychain.swift; sourceTree = "<group>"; };
		584FA890978E03508FD144F1 /* Token.swift */ = {isa = PBXFileReference; fileEncoding = 4; lastKnownFileType = sourcecode.swift; path = Token.swift; sourceTree = "<group>"; };
		584FA89A2FE38C426384D464 /* RefreshableByRefreshControl.swift */ = {isa = PBXFileReference; fileEncoding = 4; lastKnownFileType = sourcecode.swift; path = RefreshableByRefreshControl.swift; sourceTree = "<group>"; };
		584FA903415B4FA4338CABAA /* UIImageView.swift */ = {isa = PBXFileReference; fileEncoding = 4; lastKnownFileType = sourcecode.swift; path = UIImageView.swift; sourceTree = "<group>"; };
		584FA91E81802936F1B44AF8 /* Refreshable.swift */ = {isa = PBXFileReference; fileEncoding = 4; lastKnownFileType = sourcecode.swift; path = Refreshable.swift; sourceTree = "<group>"; };
		584FA9325FE35B125CE8A0DF /* LogoutFromApplication.swift */ = {isa = PBXFileReference; fileEncoding = 4; lastKnownFileType = sourcecode.swift; path = LogoutFromApplication.swift; sourceTree = "<group>"; };
		584FA994FADD852A1F87E40D /* HorizontalStackView.swift */ = {isa = PBXFileReference; fileEncoding = 4; lastKnownFileType = sourcecode.swift; path = HorizontalStackView.swift; sourceTree = "<group>"; };
		584FA99BC0027F79EC95C943 /* AnonymousToken.swift */ = {isa = PBXFileReference; fileEncoding = 4; lastKnownFileType = sourcecode.swift; path = AnonymousToken.swift; sourceTree = "<group>"; };
		584FAA3B4A61B1FD2C61731C /* States.swift */ = {isa = PBXFileReference; fileEncoding = 4; lastKnownFileType = sourcecode.swift; path = States.swift; sourceTree = "<group>"; };
		584FAA421CF07923A4248C87 /* UIFont.swift */ = {isa = PBXFileReference; fileEncoding = 4; lastKnownFileType = sourcecode.swift; path = UIFont.swift; sourceTree = "<group>"; };
		584FAA81E042058A497CBE04 /* AuthorityFromToken.swift */ = {isa = PBXFileReference; fileEncoding = 4; lastKnownFileType = sourcecode.swift; path = AuthorityFromToken.swift; sourceTree = "<group>"; };
		584FAACAA6988A0B07B1E4D6 /* StandardSectionModel.swift */ = {isa = PBXFileReference; fileEncoding = 4; lastKnownFileType = sourcecode.swift; path = StandardSectionModel.swift; sourceTree = "<group>"; };
		584FAB088ACF06915792FB43 /* JSONErrors.swift */ = {isa = PBXFileReference; fileEncoding = 4; lastKnownFileType = sourcecode.swift; path = JSONErrors.swift; sourceTree = "<group>"; };
		584FAB8968A5ED6A5852DD6E /* FakeCodeRequest.swift */ = {isa = PBXFileReference; fileEncoding = 4; lastKnownFileType = sourcecode.swift; path = FakeCodeRequest.swift; sourceTree = "<group>"; };
		584FAB92C5018270F74FD862 /* UIViewController.swift */ = {isa = PBXFileReference; fileEncoding = 4; lastKnownFileType = sourcecode.swift; path = UIViewController.swift; sourceTree = "<group>"; };
		584FABCBC43D98162E2ECE85 /* Authority.swift */ = {isa = PBXFileReference; fileEncoding = 4; lastKnownFileType = sourcecode.swift; path = Authority.swift; sourceTree = "<group>"; };
		584FABCEB11E62552AD84DFA /* Base */ = {isa = PBXFileReference; lastKnownFileType = file.storyboard; name = Base; path = Base.lproj/LaunchScreen.storyboard; sourceTree = "<group>"; };
		584FABE53EC761E8F144A39B /* UIView.swift */ = {isa = PBXFileReference; fileEncoding = 4; lastKnownFileType = sourcecode.swift; path = UIView.swift; sourceTree = "<group>"; };
		584FABF5C586FEED48AC286E /* StandardToolbar.swift */ = {isa = PBXFileReference; fileEncoding = 4; lastKnownFileType = sourcecode.swift; path = StandardToolbar.swift; sourceTree = "<group>"; };
		584FAC2B04A3B5ABF8E45210 /* AuthorizationCodeStackView.swift */ = {isa = PBXFileReference; fileEncoding = 4; lastKnownFileType = sourcecode.swift; path = AuthorizationCodeStackView.swift; sourceTree = "<group>"; };
		584FACF40FB867C98E426D69 /* Phone.swift */ = {isa = PBXFileReference; fileEncoding = 4; lastKnownFileType = sourcecode.swift; path = Phone.swift; sourceTree = "<group>"; };
		584FAD188B8D650C595856C6 /* JSONError.swift */ = {isa = PBXFileReference; fileEncoding = 4; lastKnownFileType = sourcecode.swift; path = JSONError.swift; sourceTree = "<group>"; };
		584FADA0FC602D486611262D /* Titlable.swift */ = {isa = PBXFileReference; fileEncoding = 4; lastKnownFileType = sourcecode.swift; path = Titlable.swift; sourceTree = "<group>"; };
		584FADAFCB7F315BCEAB8C9C /* PhoneNumberView.swift */ = {isa = PBXFileReference; fileEncoding = 4; lastKnownFileType = sourcecode.swift; path = PhoneNumberView.swift; sourceTree = "<group>"; };
		584FADD68F59A8B57FEE293D /* InvestmentCharacteristic.swift */ = {isa = PBXFileReference; fileEncoding = 4; lastKnownFileType = sourcecode.swift; path = InvestmentCharacteristic.swift; sourceTree = "<group>"; };
		584FADF31D94178EA638671A /* Recoverable.swift */ = {isa = PBXFileReference; fileEncoding = 4; lastKnownFileType = sourcecode.swift; path = Recoverable.swift; sourceTree = "<group>"; };
		584FAE260D584F4C835F15D7 /* StandardRoundEdgeButton.swift */ = {isa = PBXFileReference; fileEncoding = 4; lastKnownFileType = sourcecode.swift; path = StandardRoundEdgeButton.swift; sourceTree = "<group>"; };
		584FAE5CFFA6921BE7596783 /* CachingUserCredentials.swift */ = {isa = PBXFileReference; fileEncoding = 4; lastKnownFileType = sourcecode.swift; path = CachingUserCredentials.swift; sourceTree = "<group>"; };
		584FAEB6623A8E5F0377D096 /* UIImage.swift */ = {isa = PBXFileReference; fileEncoding = 4; lastKnownFileType = sourcecode.swift; path = UIImage.swift; sourceTree = "<group>"; };
		584FAF45E7AC11622F5F6528 /* PushLabel.swift */ = {isa = PBXFileReference; fileEncoding = 4; lastKnownFileType = sourcecode.swift; path = PushLabel.swift; sourceTree = "<group>"; };
		584FAF8BED2E4D50F4B5A261 /* UserCredentialsFrom.swift */ = {isa = PBXFileReference; fileEncoding = 4; lastKnownFileType = sourcecode.swift; path = UserCredentialsFrom.swift; sourceTree = "<group>"; };
		584FAF9E370298B9997130DE /* AuthorizationRequestViewController.swift */ = {isa = PBXFileReference; fileEncoding = 4; lastKnownFileType = sourcecode.swift; path = AuthorizationRequestViewController.swift; sourceTree = "<group>"; };
		584FAFA6953DE88D067418A0 /* CodeRequest.swift */ = {isa = PBXFileReference; fileEncoding = 4; lastKnownFileType = sourcecode.swift; path = CodeRequest.swift; sourceTree = "<group>"; };
		584FAFA6E57BF418184A197B /* TitlableModelFilteringStrategy.swift */ = {isa = PBXFileReference; fileEncoding = 4; lastKnownFileType = sourcecode.swift; path = TitlableModelFilteringStrategy.swift; sourceTree = "<group>"; };
		584FAFD41846AF204B50E3FF /* StandardCellContainer.swift */ = {isa = PBXFileReference; fileEncoding = 4; lastKnownFileType = sourcecode.swift; path = StandardCellContainer.swift; sourceTree = "<group>"; };
		584FAFDA8A4D227E6568E180 /* AspectFitImageView.swift */ = {isa = PBXFileReference; fileEncoding = 4; lastKnownFileType = sourcecode.swift; path = AspectFitImageView.swift; sourceTree = "<group>"; };
		584FAFFF14A0FA060AFCDE46 /* Command.swift */ = {isa = PBXFileReference; fileEncoding = 4; lastKnownFileType = sourcecode.swift; path = Command.swift; sourceTree = "<group>"; };
		7908EEEE8D21F1574E5BE07E /* Pods-BackInvestTests.release.xcconfig */ = {isa = PBXFileReference; includeInIndex = 1; lastKnownFileType = text.xcconfig; name = "Pods-BackInvestTests.release.xcconfig"; path = "Pods/Target Support Files/Pods-BackInvestTests/Pods-BackInvestTests.release.xcconfig"; sourceTree = "<group>"; };
		808E98CF6BBB86A21AB50528 /* Pods-BackInvestTests.debug.xcconfig */ = {isa = PBXFileReference; includeInIndex = 1; lastKnownFileType = text.xcconfig; name = "Pods-BackInvestTests.debug.xcconfig"; path = "Pods/Target Support Files/Pods-BackInvestTests/Pods-BackInvestTests.debug.xcconfig"; sourceTree = "<group>"; };
		96EC9E1C1F6D159C004BF0BE /* BackInvest.app */ = {isa = PBXFileReference; explicitFileType = wrapper.application; includeInIndex = 0; path = BackInvest.app; sourceTree = BUILT_PRODUCTS_DIR; };
		96EC9E211F6D159C004BF0BE /* ViewController.swift */ = {isa = PBXFileReference; lastKnownFileType = sourcecode.swift; path = ViewController.swift; sourceTree = "<group>"; };
		96EC9E301F6D159C004BF0BE /* BackInvestTests.xctest */ = {isa = PBXFileReference; explicitFileType = wrapper.cfbundle; includeInIndex = 0; path = BackInvestTests.xctest; sourceTree = BUILT_PRODUCTS_DIR; };
		96EC9E341F6D159C004BF0BE /* BackInvestTests.swift */ = {isa = PBXFileReference; lastKnownFileType = sourcecode.swift; path = BackInvestTests.swift; sourceTree = "<group>"; };
		96EC9E361F6D159C004BF0BE /* Info.plist */ = {isa = PBXFileReference; lastKnownFileType = text.plist.xml; path = Info.plist; sourceTree = "<group>"; };
		A807F16C54D1D9F637E56793 /* Pods-BackInvest.debug.xcconfig */ = {isa = PBXFileReference; includeInIndex = 1; lastKnownFileType = text.xcconfig; name = "Pods-BackInvest.debug.xcconfig"; path = "Pods/Target Support Files/Pods-BackInvest/Pods-BackInvest.debug.xcconfig"; sourceTree = "<group>"; };
		FF0ACB72D9C5DC54A564626E /* Pods-BackInvest.release.xcconfig */ = {isa = PBXFileReference; includeInIndex = 1; lastKnownFileType = text.xcconfig; name = "Pods-BackInvest.release.xcconfig"; path = "Pods/Target Support Files/Pods-BackInvest/Pods-BackInvest.release.xcconfig"; sourceTree = "<group>"; };
/* End PBXFileReference section */

/* Begin PBXFrameworksBuildPhase section */
		96EC9E191F6D159C004BF0BE /* Frameworks */ = {
			isa = PBXFrameworksBuildPhase;
			buildActionMask = 2147483647;
			files = (
				CF86FFF5E1A76D28B6C17454 /* Pods_BackInvest.framework in Frameworks */,
			);
			runOnlyForDeploymentPostprocessing = 0;
		};
		96EC9E2D1F6D159C004BF0BE /* Frameworks */ = {
			isa = PBXFrameworksBuildPhase;
			buildActionMask = 2147483647;
			files = (
				AB2C01C56AEE9BA3DDB87116 /* Pods_BackInvestTests.framework in Frameworks */,
			);
			runOnlyForDeploymentPostprocessing = 0;
		};
/* End PBXFrameworksBuildPhase section */

/* Begin PBXGroup section */
		4F0F56BFA2EBB91963A49FF6 /* Pods */ = {
			isa = PBXGroup;
			children = (
				A807F16C54D1D9F637E56793 /* Pods-BackInvest.debug.xcconfig */,
				FF0ACB72D9C5DC54A564626E /* Pods-BackInvest.release.xcconfig */,
				808E98CF6BBB86A21AB50528 /* Pods-BackInvestTests.debug.xcconfig */,
				7908EEEE8D21F1574E5BE07E /* Pods-BackInvestTests.release.xcconfig */,
			);
			name = Pods;
			sourceTree = "<group>";
		};
		584FA00C1EDD089352E8CDB8 /* Base */ = {
			isa = PBXGroup;
			children = (
				584FA2633C92C8AA6332D81D /* Countdown.swift */,
				584FADF31D94178EA638671A /* Recoverable.swift */,
				584FA89A2FE38C426384D464 /* RefreshableByRefreshControl.swift */,
				584FA91E81802936F1B44AF8 /* Refreshable.swift */,
				584FA1EC75C84B52F78CFA01 /* SecondsToMinutesAndSecondsString.swift */,
				584FADA0FC602D486611262D /* Titlable.swift */,
				584FAA3B4A61B1FD2C61731C /* States.swift */,
				584FA8F633D363A71F0202B6 /* Error */,
				584FAFFF14A0FA060AFCDE46 /* Command.swift */,
				584FACF40FB867C98E426D69 /* Phone.swift */,
				584FADF464BDCDBA2FD0A90A /* Networking */,
				584FA3A761EB1446B87E9436 /* Strategies */,
				584FABDC1D7B272A35148A07 /* ObservableImage */,
			);
			path = Base;
			sourceTree = "<group>";
		};
		584FA04A159A813014650B4F /* Base */ = {
			isa = PBXGroup;
			children = (
				584FA0C29B23CD436DB3D1BB /* Controllers */,
				584FAE1D0015B2D32A72B2F3 /* Views */,
			);
			path = Base;
			sourceTree = "<group>";
		};
		584FA0C29B23CD436DB3D1BB /* Controllers */ = {
			isa = PBXGroup;
			children = (
				584FA12A09CB11CEC4D6B13A /* StandardNavigationController.swift */,
				584FA16AD314208F9BAF41AD /* LogoutConfirmationController.swift */,
			);
			path = Controllers;
			sourceTree = "<group>";
		};
		584FA1F907CA0E3028CA2307 /* Objects */ = {
			isa = PBXGroup;
			children = (
				584FA2226D1F9905D489E69E /* Authentication */,
				584FA00C1EDD089352E8CDB8 /* Base */,
				584FA3E855BA25D7749A49D6 /* Balance */,
				584FA8C3C2AFF4D90FF2C4E9 /* InvestmentCategories */,
				584FA21D6B0E00A6FEF93CA4 /* InvestmentCategory */,
				584FA540BA40D10DFD631535 /* InvestmentCharecteristic */,
				584FAECAB52AB7DA304C3AA0 /* MyInvestments */,
				584FAA48B6567EB575DDCBBA /* MyInvestment */,
				584FA21EEFC41F60779EA282 /* Business */,
			);
			path = Objects;
			sourceTree = "<group>";
		};
		584FA21D6B0E00A6FEF93CA4 /* InvestmentCategory */ = {
			isa = PBXGroup;
			children = (
				584FA71DF1C139EE20C28D14 /* InvestmentCategory.swift */,
			);
			path = InvestmentCategory;
			sourceTree = "<group>";
		};
		584FA21EEFC41F60779EA282 /* Business */ = {
			isa = PBXGroup;
			children = (
				584FA577C38661371347AFC2 /* Business.swift */,
			);
			path = Business;
			sourceTree = "<group>";
		};
		584FA2226D1F9905D489E69E /* Authentication */ = {
			isa = PBXGroup;
			children = (
				584FA55610FFC66E687B3504 /* Authority */,
				584FAA3BB96BE0B54E3C26FB /* Login */,
				584FAE8F66E18A1AC461BBD0 /* Logout */,
				584FA336E889C9B3F5639E07 /* Token */,
				584FA82CED77852B96DE2483 /* UserCredentials */,
			);
			path = Authentication;
			sourceTree = "<group>";
		};
		584FA30884093445B16248F6 /* Supporting Files */ = {
			isa = PBXGroup;
			children = (
				584FA32237C5D5CBD3EB9077 /* Assets.xcassets */,
				584FA416AD54AC13760B8ACF /* Info.plist */,
				584FAFB9F4AB0AF1F7105331 /* LaunchScreen.storyboard */,
				584FA6CA94EE09DAF0206C30 /* Extensions */,
				584FA5DE4A67DC996C36694D /* ProximaNova-Regular.ttf */,
			);
			path = "Supporting Files";
			sourceTree = "<group>";
		};
		584FA336E889C9B3F5639E07 /* Token */ = {
			isa = PBXGroup;
			children = (
				584FA99BC0027F79EC95C943 /* AnonymousToken.swift */,
				584FA6091DB7C4B71597488C /* CachingToken.swift */,
				584FA046B97D90CF55C67680 /* JSONToken.swift */,
				584FA890978E03508FD144F1 /* Token.swift */,
				584FA678D69442FBF2249F66 /* TokenFromKeychain.swift */,
			);
			path = Token;
			sourceTree = "<group>";
		};
		584FA38F4D60FAE6684782A6 /* ScrollViews */ = {
			isa = PBXGroup;
			children = (
				584FA44D9DA8C98561D84F49 /* KeyboardAdjustingScrollView.swift */,
			);
			path = ScrollViews;
			sourceTree = "<group>";
		};
		584FA3A761EB1446B87E9436 /* Strategies */ = {
			isa = PBXGroup;
			children = (
				584FA238DB627C9C4BE6F650 /* FilterableByTitleCollection.swift */,
				584FAFA6E57BF418184A197B /* TitlableModelFilteringStrategy.swift */,
			);
			path = Strategies;
			sourceTree = "<group>";
		};
		584FA3E855BA25D7749A49D6 /* Balance */ = {
			isa = PBXGroup;
			children = (
				584FA59DD7F222BBA3FE98EF /* Balance.swift */,
				584FA94885C9FE98DE5C7264 /* BalanceInfo */,
			);
			path = Balance;
			sourceTree = "<group>";
		};
		584FA4A56F0945A9B48558D2 /* TableViews */ = {
			isa = PBXGroup;
			children = (
				584FA5A456A540EE94A2FA3D /* HeaderCell.swift */,
				584FAACAA6988A0B07B1E4D6 /* StandardSectionModel.swift */,
				584FA85CA3DD95919D486FFF /* StandardTableView.swift */,
			);
			path = TableViews;
			sourceTree = "<group>";
		};
		584FA540BA40D10DFD631535 /* InvestmentCharecteristic */ = {
			isa = PBXGroup;
			children = (
				584FADD68F59A8B57FEE293D /* InvestmentCharacteristic.swift */,
			);
			path = InvestmentCharecteristic;
			sourceTree = "<group>";
		};
		584FA55610FFC66E687B3504 /* Authority */ = {
			isa = PBXGroup;
			children = (
				584FA3705D261C5606DFFE31 /* AnonimousAuthority.swift */,
				584FABCBC43D98162E2ECE85 /* Authority.swift */,
				584FAA81E042058A497CBE04 /* AuthorityFromToken.swift */,
			);
			path = Authority;
			sourceTree = "<group>";
		};
		584FA6BB284B89E58EFC86CB /* StackViews */ = {
			isa = PBXGroup;
			children = (
				584FA994FADD852A1F87E40D /* HorizontalStackView.swift */,
				584FA0A5627DAA2BD1C66581 /* VerticalStackView.swift */,
			);
			path = StackViews;
			sourceTree = "<group>";
		};
		584FA6CA94EE09DAF0206C30 /* Extensions */ = {
			isa = PBXGroup;
			children = (
				584FA7CD350BE0E92D96D844 /* Int.swift */,
				584FA7A24181E9DE21E15984 /* String.swift */,
				584FA5840A3182BEF3221CE5 /* UICollectionView.swift */,
				584FA70BE5DA798902D9413F /* UIColor.swift */,
				584FA07FBCCD80C61220AEFC /* UISearchBar.swift */,
				584FA6193D70F0646D20E784 /* UIStackView.swift */,
				584FA08E079D249E2FF45057 /* UITableView.swift */,
				584FABE53EC761E8F144A39B /* UIView.swift */,
				584FAB92C5018270F74FD862 /* UIViewController.swift */,
				584FA2853D5F67C6CA4C418B /* UILabel.swift */,
				584FA3F6CB53C4E22B28A857 /* UIButton.swift */,
				584FA903415B4FA4338CABAA /* UIImageView.swift */,
				584FAA421CF07923A4248C87 /* UIFont.swift */,
				584FA48F852882B2ECBF80BD /* UITextField.swift */,
				584FA0CA4975FBAF4E985263 /* UIBarButtonItem.swift */,
				584FA7A8B13623ECC5CC9B7F /* URLRequest.swift */,
				584FA7E11339CB4F98D18F4B /* UIWindow.swift */,
				584FA4FE535C89785D85B6E9 /* UIScrollView.swift */,
				584FAEB6623A8E5F0377D096 /* UIImage.swift */,
				584FA4854824C169B12AD30F /* Date+Utilities.swift */,
			);
			path = Extensions;
			sourceTree = "<group>";
		};
		584FA82CED77852B96DE2483 /* UserCredentials */ = {
			isa = PBXGroup;
			children = (
				584FAE5CFFA6921BE7596783 /* CachingUserCredentials.swift */,
				584FA253A805C29EE9B57F86 /* FakeUserCredentials.swift */,
				584FA7B91F7D24D8228053EB /* UserCredentials.swift */,
				584FAF8BED2E4D50F4B5A261 /* UserCredentialsFrom.swift */,
				584FA87B4936042FDF42F97E /* UserCredentialsFromKeychain.swift */,
			);
			path = UserCredentials;
			sourceTree = "<group>";
		};
		584FA8C3C2AFF4D90FF2C4E9 /* InvestmentCategories */ = {
			isa = PBXGroup;
			children = (
				584FA6A8DC40C31A61B35345 /* InvestmentCategories.swift */,
			);
			path = InvestmentCategories;
			sourceTree = "<group>";
		};
		584FA8F633D363A71F0202B6 /* Error */ = {
			isa = PBXGroup;
			children = (
				584FAD188B8D650C595856C6 /* JSONError.swift */,
				584FA7D39E2A4BF8B319763F /* ErrorResponse.swift */,
				584FA361993B06E9FDB2D784 /* UnknownError.swift */,
				584FAB088ACF06915792FB43 /* JSONErrors.swift */,
				584FA04F66CF7CDFEDA98D6C /* ErrorFrom.swift */,
			);
			path = Error;
			sourceTree = "<group>";
		};
		584FA94885C9FE98DE5C7264 /* BalanceInfo */ = {
			isa = PBXGroup;
			children = (
				584FA72A67F0AB2A45B0D3D3 /* BalanceInfo.swift */,
			);
			path = BalanceInfo;
			sourceTree = "<group>";
		};
		584FAA3BB96BE0B54E3C26FB /* Login */ = {
			isa = PBXGroup;
			children = (
				584FAFA6953DE88D067418A0 /* CodeRequest.swift */,
				584FA45DC66C4DB59942DA0D /* CodeRequestTarget.swift */,
				584FAB8968A5ED6A5852DD6E /* FakeCodeRequest.swift */,
			);
			path = Login;
			sourceTree = "<group>";
		};
		584FAA48B6567EB575DDCBBA /* MyInvestment */ = {
			isa = PBXGroup;
			children = (
				584FA4921BB3A632C0198B4F /* MyInvestment.swift */,
			);
			path = MyInvestment;
			sourceTree = "<group>";
		};
		584FABDC1D7B272A35148A07 /* ObservableImage */ = {
			isa = PBXGroup;
			children = (
				584FA01E2B8151819F41CA79 /* ObservableImage.swift */,
				584FA057DBA02431A020165A /* ImageFrom.swift */,
			);
			path = ObservableImage;
			sourceTree = "<group>";
		};
		584FACDE71D0BEC2B7D26613 /* Registration */ = {
			isa = PBXGroup;
			children = (
				584FAFE1796A32501141F864 /* Controllers */,
				584FAED7F9B057A77835DF81 /* Views */,
			);
			path = Registration;
			sourceTree = "<group>";
		};
		584FADF464BDCDBA2FD0A90A /* Networking */ = {
			isa = PBXGroup;
			children = (
				584FA0D2BA9FC8318575AE02 /* Unwrap.swift */,
			);
			path = Networking;
			sourceTree = "<group>";
		};
		584FAE1D0015B2D32A72B2F3 /* Views */ = {
			isa = PBXGroup;
			children = (
				584FA6BB284B89E58EFC86CB /* StackViews */,
				584FA4A56F0945A9B48558D2 /* TableViews */,
				584FA5B24A9B8F98476C3204 /* SearchView.swift */,
				584FAFD41846AF204B50E3FF /* StandardCellContainer.swift */,
				584FA3474C112964C3583A4C /* StandardLabel.swift */,
				584FAE260D584F4C835F15D7 /* StandardRoundEdgeButton.swift */,
				584FA38F4D60FAE6684782A6 /* ScrollViews */,
				584FABF5C586FEED48AC286E /* StandardToolbar.swift */,
				584FAFDA8A4D227E6568E180 /* AspectFitImageView.swift */,
				584FAF45E7AC11622F5F6528 /* PushLabel.swift */,
			);
			path = Views;
			sourceTree = "<group>";
		};
		584FAE8F66E18A1AC461BBD0 /* Logout */ = {
			isa = PBXGroup;
			children = (
				584FA76C2E809B5F72C4562B /* FakeLogout.swift */,
				584FA7D1F84D274A9BF36D20 /* Logout.swift */,
				584FA9325FE35B125CE8A0DF /* LogoutFromApplication.swift */,
			);
			path = Logout;
			sourceTree = "<group>";
		};
		584FAECAB52AB7DA304C3AA0 /* MyInvestments */ = {
			isa = PBXGroup;
			children = (
				584FA3080C54F269F1B43D0D /* MyInvestments.swift */,
			);
			path = MyInvestments;
			sourceTree = "<group>";
		};
		584FAED7F9B057A77835DF81 /* Views */ = {
			isa = PBXGroup;
			children = (
				584FAC2B04A3B5ABF8E45210 /* AuthorizationCodeStackView.swift */,
				584FA2D8F2FB4A89D44EC07F /* AuthorizationStackView.swift */,
				584FA496744F81B943EA5B97 /* CodeTextField.swift */,
				584FADAFCB7F315BCEAB8C9C /* PhoneNumberView.swift */,
			);
			path = Views;
			sourceTree = "<group>";
		};
		584FAF7748AF7025E6758E5F /* Stories */ = {
			isa = PBXGroup;
			children = (
				584FACDE71D0BEC2B7D26613 /* Registration */,
				584FA829A3EA61BCD9907C7E /* AppDelegate.swift */,
				584FA04A159A813014650B4F /* Base */,
			);
			path = Stories;
			sourceTree = "<group>";
		};
		584FAFE1796A32501141F864 /* Controllers */ = {
			isa = PBXGroup;
			children = (
				584FA6223B04C1C9AD4BB527 /* AuthorizationCodeViewController.swift */,
				584FAF9E370298B9997130DE /* AuthorizationRequestViewController.swift */,
			);
			path = Controllers;
			sourceTree = "<group>";
		};
		60913B8020FF925E94ECE5EE /* Frameworks */ = {
			isa = PBXGroup;
			children = (
				00CA123D7B362AFABA47D704 /* Pods_BackInvest.framework */,
				01639EC2EB45EAB5782E9378 /* Pods_BackInvestTests.framework */,
			);
			name = Frameworks;
			sourceTree = "<group>";
		};
		96EC9E131F6D159C004BF0BE = {
			isa = PBXGroup;
			children = (
				96EC9E1E1F6D159C004BF0BE /* BackInvest */,
				96EC9E331F6D159C004BF0BE /* BackInvestTests */,
				60913B8020FF925E94ECE5EE /* Frameworks */,
				4F0F56BFA2EBB91963A49FF6 /* Pods */,
				96EC9E1D1F6D159C004BF0BE /* Products */,
			);
			sourceTree = "<group>";
		};
		96EC9E1D1F6D159C004BF0BE /* Products */ = {
			isa = PBXGroup;
			children = (
				96EC9E1C1F6D159C004BF0BE /* BackInvest.app */,
				96EC9E301F6D159C004BF0BE /* BackInvestTests.xctest */,
			);
			name = Products;
			sourceTree = "<group>";
		};
		96EC9E1E1F6D159C004BF0BE /* BackInvest */ = {
			isa = PBXGroup;
			children = (
				584FA1F907CA0E3028CA2307 /* Objects */,
				584FAF7748AF7025E6758E5F /* Stories */,
				584FA30884093445B16248F6 /* Supporting Files */,
				96EC9E211F6D159C004BF0BE /* ViewController.swift */,
			);
			path = BackInvest;
			sourceTree = "<group>";
		};
		96EC9E331F6D159C004BF0BE /* BackInvestTests */ = {
			isa = PBXGroup;
			children = (
				96EC9E341F6D159C004BF0BE /* BackInvestTests.swift */,
				96EC9E361F6D159C004BF0BE /* Info.plist */,
			);
			path = BackInvestTests;
			sourceTree = "<group>";
		};
/* End PBXGroup section */

/* Begin PBXNativeTarget section */
		96EC9E1B1F6D159C004BF0BE /* BackInvest */ = {
			isa = PBXNativeTarget;
			buildConfigurationList = 96EC9E391F6D159C004BF0BE /* Build configuration list for PBXNativeTarget "BackInvest" */;
			buildPhases = (
				6F177934896CC885173FFDC6 /* [CP] Check Pods Manifest.lock */,
				96EC9E181F6D159C004BF0BE /* Sources */,
				96EC9E191F6D159C004BF0BE /* Frameworks */,
				96EC9E1A1F6D159C004BF0BE /* Resources */,
				18DB784A201785E7E47BEEDC /* [CP] Embed Pods Frameworks */,
				E03543B07DC8D612272EDA46 /* [CP] Copy Pods Resources */,
			);
			buildRules = (
			);
			dependencies = (
			);
			name = BackInvest;
			productName = BackInvest;
			productReference = 96EC9E1C1F6D159C004BF0BE /* BackInvest.app */;
			productType = "com.apple.product-type.application";
		};
		96EC9E2F1F6D159C004BF0BE /* BackInvestTests */ = {
			isa = PBXNativeTarget;
			buildConfigurationList = 96EC9E3C1F6D159C004BF0BE /* Build configuration list for PBXNativeTarget "BackInvestTests" */;
			buildPhases = (
				B473559D183DCEA564EE9C64 /* [CP] Check Pods Manifest.lock */,
				96EC9E2C1F6D159C004BF0BE /* Sources */,
				96EC9E2D1F6D159C004BF0BE /* Frameworks */,
				96EC9E2E1F6D159C004BF0BE /* Resources */,
				A938302CE76DF7B2D1E564AD /* [CP] Embed Pods Frameworks */,
				C4531043D2E09D8EB8E10620 /* [CP] Copy Pods Resources */,
			);
			buildRules = (
			);
			dependencies = (
				96EC9E321F6D159C004BF0BE /* PBXTargetDependency */,
			);
			name = BackInvestTests;
			productName = BackInvestTests;
			productReference = 96EC9E301F6D159C004BF0BE /* BackInvestTests.xctest */;
			productType = "com.apple.product-type.bundle.unit-test";
		};
/* End PBXNativeTarget section */

/* Begin PBXProject section */
		96EC9E141F6D159C004BF0BE /* Project object */ = {
			isa = PBXProject;
			attributes = {
				LastSwiftUpdateCheck = 0830;
				LastUpgradeCheck = 0830;
				ORGANIZATIONNAME = Jufy;
				TargetAttributes = {
					96EC9E1B1F6D159C004BF0BE = {
						CreatedOnToolsVersion = 8.3.2;
						DevelopmentTeam = 262F459V52;
						ProvisioningStyle = Automatic;
					};
					96EC9E2F1F6D159C004BF0BE = {
						CreatedOnToolsVersion = 8.3.2;
						DevelopmentTeam = 262F459V52;
						ProvisioningStyle = Automatic;
						TestTargetID = 96EC9E1B1F6D159C004BF0BE;
					};
				};
			};
			buildConfigurationList = 96EC9E171F6D159C004BF0BE /* Build configuration list for PBXProject "BackInvest" */;
			compatibilityVersion = "Xcode 3.2";
			developmentRegion = English;
			hasScannedForEncodings = 0;
			knownRegions = (
				en,
				Base,
			);
			mainGroup = 96EC9E131F6D159C004BF0BE;
			productRefGroup = 96EC9E1D1F6D159C004BF0BE /* Products */;
			projectDirPath = "";
			projectRoot = "";
			targets = (
				96EC9E1B1F6D159C004BF0BE /* BackInvest */,
				96EC9E2F1F6D159C004BF0BE /* BackInvestTests */,
			);
		};
/* End PBXProject section */

/* Begin PBXResourcesBuildPhase section */
		96EC9E1A1F6D159C004BF0BE /* Resources */ = {
			isa = PBXResourcesBuildPhase;
			buildActionMask = 2147483647;
			files = (
				584FA196CDD8E7E3A9790B39 /* Assets.xcassets in Resources */,
				584FA41ABE66BAF4E5A52007 /* LaunchScreen.storyboard in Resources */,
				584FA1CC8D88FE2BB1D13618 /* ProximaNova-Regular.ttf in Resources */,
			);
			runOnlyForDeploymentPostprocessing = 0;
		};
		96EC9E2E1F6D159C004BF0BE /* Resources */ = {
			isa = PBXResourcesBuildPhase;
			buildActionMask = 2147483647;
			files = (
			);
			runOnlyForDeploymentPostprocessing = 0;
		};
/* End PBXResourcesBuildPhase section */

/* Begin PBXShellScriptBuildPhase section */
		18DB784A201785E7E47BEEDC /* [CP] Embed Pods Frameworks */ = {
			isa = PBXShellScriptBuildPhase;
			buildActionMask = 2147483647;
			files = (
			);
			inputPaths = (
				"${SRCROOT}/Pods/Target Support Files/Pods-BackInvest/Pods-BackInvest-frameworks.sh",
				"${BUILT_PRODUCTS_DIR}/ActiveLabel/ActiveLabel.framework",
				"${BUILT_PRODUCTS_DIR}/Alamofire/Alamofire.framework",
				"${BUILT_PRODUCTS_DIR}/Charts/Charts.framework",
				"${BUILT_PRODUCTS_DIR}/KeychainAccess/KeychainAccess.framework",
				"${BUILT_PRODUCTS_DIR}/Moya/Moya.framework",
				"${BUILT_PRODUCTS_DIR}/Moya-ObjectMapper/Moya_ObjectMapper.framework",
				"${BUILT_PRODUCTS_DIR}/ObjectMapper/ObjectMapper.framework",
				"${BUILT_PRODUCTS_DIR}/Result/Result.framework",
				"${BUILT_PRODUCTS_DIR}/RxCocoa/RxCocoa.framework",
				"${BUILT_PRODUCTS_DIR}/RxDataSources/RxDataSources.framework",
				"${BUILT_PRODUCTS_DIR}/RxSwift/RxSwift.framework",
				"${BUILT_PRODUCTS_DIR}/SHSPhoneComponent/SHSPhoneComponent.framework",
				"${BUILT_PRODUCTS_DIR}/SnapKit/SnapKit.framework",
			);
			name = "[CP] Embed Pods Frameworks";
			outputPaths = (
				"${TARGET_BUILD_DIR}/${FRAMEWORKS_FOLDER_PATH}/ActiveLabel.framework",
				"${TARGET_BUILD_DIR}/${FRAMEWORKS_FOLDER_PATH}/Alamofire.framework",
				"${TARGET_BUILD_DIR}/${FRAMEWORKS_FOLDER_PATH}/Charts.framework",
				"${TARGET_BUILD_DIR}/${FRAMEWORKS_FOLDER_PATH}/KeychainAccess.framework",
				"${TARGET_BUILD_DIR}/${FRAMEWORKS_FOLDER_PATH}/Moya.framework",
				"${TARGET_BUILD_DIR}/${FRAMEWORKS_FOLDER_PATH}/Moya_ObjectMapper.framework",
				"${TARGET_BUILD_DIR}/${FRAMEWORKS_FOLDER_PATH}/ObjectMapper.framework",
				"${TARGET_BUILD_DIR}/${FRAMEWORKS_FOLDER_PATH}/Result.framework",
				"${TARGET_BUILD_DIR}/${FRAMEWORKS_FOLDER_PATH}/RxCocoa.framework",
				"${TARGET_BUILD_DIR}/${FRAMEWORKS_FOLDER_PATH}/RxDataSources.framework",
				"${TARGET_BUILD_DIR}/${FRAMEWORKS_FOLDER_PATH}/RxSwift.framework",
				"${TARGET_BUILD_DIR}/${FRAMEWORKS_FOLDER_PATH}/SHSPhoneComponent.framework",
				"${TARGET_BUILD_DIR}/${FRAMEWORKS_FOLDER_PATH}/SnapKit.framework",
			);
			runOnlyForDeploymentPostprocessing = 0;
			shellPath = /bin/sh;
			shellScript = "\"${SRCROOT}/Pods/Target Support Files/Pods-BackInvest/Pods-BackInvest-frameworks.sh\"\n";
			showEnvVarsInLog = 0;
		};
		6F177934896CC885173FFDC6 /* [CP] Check Pods Manifest.lock */ = {
			isa = PBXShellScriptBuildPhase;
			buildActionMask = 2147483647;
			files = (
			);
			inputPaths = (
				"${PODS_PODFILE_DIR_PATH}/Podfile.lock",
				"${PODS_ROOT}/Manifest.lock",
			);
			name = "[CP] Check Pods Manifest.lock";
			outputPaths = (
				"$(DERIVED_FILE_DIR)/Pods-BackInvest-checkManifestLockResult.txt",
			);
			runOnlyForDeploymentPostprocessing = 0;
			shellPath = /bin/sh;
			shellScript = "diff \"${PODS_PODFILE_DIR_PATH}/Podfile.lock\" \"${PODS_ROOT}/Manifest.lock\" > /dev/null\nif [ $? != 0 ] ; then\n    # print error to STDERR\n    echo \"error: The sandbox is not in sync with the Podfile.lock. Run 'pod install' or update your CocoaPods installation.\" >&2\n    exit 1\nfi\n# This output is used by Xcode 'outputs' to avoid re-running this script phase.\necho \"SUCCESS\" > \"${SCRIPT_OUTPUT_FILE_0}\"\n";
			showEnvVarsInLog = 0;
		};
		A938302CE76DF7B2D1E564AD /* [CP] Embed Pods Frameworks */ = {
			isa = PBXShellScriptBuildPhase;
			buildActionMask = 2147483647;
			files = (
			);
			inputPaths = (
				"${SRCROOT}/Pods/Target Support Files/Pods-BackInvestTests/Pods-BackInvestTests-frameworks.sh",
				"${BUILT_PRODUCTS_DIR}/RxSwift/RxSwift.framework",
				"${BUILT_PRODUCTS_DIR}/RxBlocking/RxBlocking.framework",
			);
			name = "[CP] Embed Pods Frameworks";
			outputPaths = (
				"${TARGET_BUILD_DIR}/${FRAMEWORKS_FOLDER_PATH}/RxSwift.framework",
				"${TARGET_BUILD_DIR}/${FRAMEWORKS_FOLDER_PATH}/RxBlocking.framework",
			);
			runOnlyForDeploymentPostprocessing = 0;
			shellPath = /bin/sh;
			shellScript = "\"${SRCROOT}/Pods/Target Support Files/Pods-BackInvestTests/Pods-BackInvestTests-frameworks.sh\"\n";
			showEnvVarsInLog = 0;
		};
		B473559D183DCEA564EE9C64 /* [CP] Check Pods Manifest.lock */ = {
			isa = PBXShellScriptBuildPhase;
			buildActionMask = 2147483647;
			files = (
			);
			inputPaths = (
				"${PODS_PODFILE_DIR_PATH}/Podfile.lock",
				"${PODS_ROOT}/Manifest.lock",
			);
			name = "[CP] Check Pods Manifest.lock";
			outputPaths = (
				"$(DERIVED_FILE_DIR)/Pods-BackInvestTests-checkManifestLockResult.txt",
			);
			runOnlyForDeploymentPostprocessing = 0;
			shellPath = /bin/sh;
			shellScript = "diff \"${PODS_PODFILE_DIR_PATH}/Podfile.lock\" \"${PODS_ROOT}/Manifest.lock\" > /dev/null\nif [ $? != 0 ] ; then\n    # print error to STDERR\n    echo \"error: The sandbox is not in sync with the Podfile.lock. Run 'pod install' or update your CocoaPods installation.\" >&2\n    exit 1\nfi\n# This output is used by Xcode 'outputs' to avoid re-running this script phase.\necho \"SUCCESS\" > \"${SCRIPT_OUTPUT_FILE_0}\"\n";
			showEnvVarsInLog = 0;
		};
		C4531043D2E09D8EB8E10620 /* [CP] Copy Pods Resources */ = {
			isa = PBXShellScriptBuildPhase;
			buildActionMask = 2147483647;
			files = (
			);
			inputPaths = (
			);
			name = "[CP] Copy Pods Resources";
			outputPaths = (
			);
			runOnlyForDeploymentPostprocessing = 0;
			shellPath = /bin/sh;
			shellScript = "\"${SRCROOT}/Pods/Target Support Files/Pods-BackInvestTests/Pods-BackInvestTests-resources.sh\"\n";
			showEnvVarsInLog = 0;
		};
		E03543B07DC8D612272EDA46 /* [CP] Copy Pods Resources */ = {
			isa = PBXShellScriptBuildPhase;
			buildActionMask = 2147483647;
			files = (
			);
			inputPaths = (
			);
			name = "[CP] Copy Pods Resources";
			outputPaths = (
			);
			runOnlyForDeploymentPostprocessing = 0;
			shellPath = /bin/sh;
			shellScript = "\"${SRCROOT}/Pods/Target Support Files/Pods-BackInvest/Pods-BackInvest-resources.sh\"\n";
			showEnvVarsInLog = 0;
		};
/* End PBXShellScriptBuildPhase section */

/* Begin PBXSourcesBuildPhase section */
		96EC9E181F6D159C004BF0BE /* Sources */ = {
			isa = PBXSourcesBuildPhase;
			buildActionMask = 2147483647;
			files = (
				96EC9E221F6D159C004BF0BE /* ViewController.swift in Sources */,
				584FAA1390A62F67D905C937 /* AppDelegate.swift in Sources */,
				584FA7BC8F6082C1E0A79C75 /* AuthorizationCodeViewController.swift in Sources */,
				584FA5BB0F526022E85CCBC9 /* AuthorizationRequestViewController.swift in Sources */,
				584FAF0AC6A5B9B944D078A8 /* CodeTextField.swift in Sources */,
				584FA804E32911582A5E1DD6 /* AuthorizationStackView.swift in Sources */,
				584FADCB6E3D66BE33D229B6 /* AuthorizationCodeStackView.swift in Sources */,
				584FA4C248736330A15470C2 /* PhoneNumberView.swift in Sources */,
				584FA1198A797EDCD1F9F85E /* Token.swift in Sources */,
				584FAE58A1FDD19D8E4DE4D4 /* JSONToken.swift in Sources */,
				584FA1BF850681604E9DCD00 /* AnonymousToken.swift in Sources */,
				584FAA056D99A68025877611 /* TokenFromKeychain.swift in Sources */,
				584FA2568F7EE9D54B1D8B40 /* CachingToken.swift in Sources */,
				584FA0F5613906BFE5A8D695 /* AuthorityFromToken.swift in Sources */,
				584FAC13DCE2259DB914A0F8 /* Authority.swift in Sources */,
				584FA198F4984AA06E8E0A79 /* AnonimousAuthority.swift in Sources */,
				584FA5B0694EF3E8D8369280 /* UserCredentials.swift in Sources */,
				584FA6EA835F1A2DBD75CD88 /* FakeUserCredentials.swift in Sources */,
				584FA006968369E14659A505 /* UserCredentialsFromKeychain.swift in Sources */,
				584FAC7AFDBA87695C562BDD /* CachingUserCredentials.swift in Sources */,
				584FAB187A702ECEF3D872E7 /* UserCredentialsFrom.swift in Sources */,
				584FA06A7342B2F5D4D8AAFF /* CodeRequest.swift in Sources */,
				584FAEAE976DF305FC904643 /* CodeRequestTarget.swift in Sources */,
				584FA1C6663CEAB5C4C22A7C /* Logout.swift in Sources */,
				584FA888676C1C9B140D484D /* LogoutFromApplication.swift in Sources */,
				584FA4739837455C6549E1B4 /* FakeLogout.swift in Sources */,
				584FAEBE14D5024DA2D9FF99 /* Countdown.swift in Sources */,
				584FA29569F27605941637FD /* Recoverable.swift in Sources */,
				584FA8C07603DD9353F24DB7 /* RefreshableByRefreshControl.swift in Sources */,
				584FA7CB139D0943C6726CDD /* Refreshable.swift in Sources */,
				584FAD297AEBE9B3C50C534A /* SecondsToMinutesAndSecondsString.swift in Sources */,
				584FA6E75FDB29F0584A50A6 /* Titlable.swift in Sources */,
				584FA5B5FE16BCE2FF56F8BF /* States.swift in Sources */,
				584FA8021F36527F143C6D5C /* JSONError.swift in Sources */,
				584FA8D0585F576A3499A868 /* ErrorResponse.swift in Sources */,
				584FAEB03E50EED809E283A1 /* UnknownError.swift in Sources */,
				584FAFCA5151AF239A886047 /* JSONErrors.swift in Sources */,
				584FAE7F57EF798793027540 /* ErrorFrom.swift in Sources */,
				584FA56FD05B43E91264A675 /* Command.swift in Sources */,
				584FA7C1AE48178EF8FE2359 /* Phone.swift in Sources */,
				584FA5E36E8B9547DEA6E7EE /* StandardNavigationController.swift in Sources */,
				584FAD17DABFAD7F7AEABB2F /* LogoutConfirmationController.swift in Sources */,
				584FA16646E6241513C68254 /* HorizontalStackView.swift in Sources */,
				584FAEAF49B94549D30060D5 /* VerticalStackView.swift in Sources */,
				584FAE9C67A8CC17444C80BC /* HeaderCell.swift in Sources */,
				584FA28B5AD87D016609D15F /* StandardSectionModel.swift in Sources */,
				584FA96D6B902EEC3C870646 /* StandardTableView.swift in Sources */,
				584FA0D6C643267F6410B881 /* SearchView.swift in Sources */,
				584FA8616E544B600E0C7BFA /* StandardCellContainer.swift in Sources */,
				584FAA4A070540C3B6AF17DE /* StandardLabel.swift in Sources */,
				584FAA59E71AB2FE2044E80D /* StandardRoundEdgeButton.swift in Sources */,
				584FA88240B3D6C2B79FBDC4 /* KeyboardAdjustingScrollView.swift in Sources */,
				584FA901F50800C7A51EDBB9 /* StandardToolbar.swift in Sources */,
				584FA065DCE2F41F7910044C /* AspectFitImageView.swift in Sources */,
				584FA6D658BD4A50604683E1 /* Int.swift in Sources */,
				584FA9915FA6E5EDF45A16AD /* String.swift in Sources */,
				584FAC1F8CD9C6EF7134F25F /* UICollectionView.swift in Sources */,
				584FA10B0567A959773527C0 /* UIColor.swift in Sources */,
				584FAB3833968DD822A1D0A5 /* UISearchBar.swift in Sources */,
				584FAE841D7A67E6D08AB221 /* UIStackView.swift in Sources */,
				584FA363FA056B4A7327AC8E /* UITableView.swift in Sources */,
				584FA37BF6E08503C979EA25 /* UIView.swift in Sources */,
				584FAB6FE08CFCAC6A7CBB92 /* UIViewController.swift in Sources */,
				584FAFFD6EA3A00557C34DF4 /* UILabel.swift in Sources */,
				584FA0CEA41334D9011B7BE1 /* UIButton.swift in Sources */,
				584FA73B3FA8D2D23B82ED39 /* UIImageView.swift in Sources */,
				584FA283EBF9BC0C186C91A7 /* UIFont.swift in Sources */,
				584FA4E302BB847B673F819B /* UITextField.swift in Sources */,
				584FA3D797673FA96B8E016F /* UIBarButtonItem.swift in Sources */,
				584FA769A4D7A32D03F12E6F /* URLRequest.swift in Sources */,
				584FACE5919ECA306FE589E4 /* UIWindow.swift in Sources */,
				584FA79E57327642F4012DDC /* UIScrollView.swift in Sources */,
				584FAA0F692F4CD257DB0FFB /* UIImage.swift in Sources */,
				584FAB8D0A59B0B6260551D3 /* PushLabel.swift in Sources */,
				584FAE08F94BF4BC53A457D8 /* Unwrap.swift in Sources */,
				584FAC67E2CC29ECF62D4945 /* FilterableByTitleCollection.swift in Sources */,
				584FA4ADB046BF2560C69891 /* TitlableModelFilteringStrategy.swift in Sources */,
				584FA18D49AE663BF64F3E57 /* Date+Utilities.swift in Sources */,
				584FAA778A5BB72F6B02A9C0 /* FakeCodeRequest.swift in Sources */,
				584FA6603C506496CA048412 /* Balance.swift in Sources */,
				584FA4DC4393B5FAD06830C7 /* BalanceInfo.swift in Sources */,
				584FA6A67414F2C54B927D72 /* InvestmentCategories.swift in Sources */,
				584FA8AE7FAA2D9B54C79F27 /* InvestmentCategory.swift in Sources */,
				584FA77EC2ADF4284E1C1C31 /* InvestmentCharacteristic.swift in Sources */,
				584FA405DA656202F1447E15 /* ObservableImage.swift in Sources */,
				584FA67635ADE5C1C0CAF708 /* ImageFrom.swift in Sources */,
				584FA0CB1ACAF2036ED80691 /* Business.swift in Sources */,
				584FA30F93DC9419A9C3A860 /* MyInvestment.swift in Sources */,
				584FA46D1F5729B081B1ED21 /* MyInvestments.swift in Sources */,
			);
			runOnlyForDeploymentPostprocessing = 0;
		};
		96EC9E2C1F6D159C004BF0BE /* Sources */ = {
			isa = PBXSourcesBuildPhase;
			buildActionMask = 2147483647;
			files = (
				96EC9E351F6D159C004BF0BE /* BackInvestTests.swift in Sources */,
			);
			runOnlyForDeploymentPostprocessing = 0;
		};
/* End PBXSourcesBuildPhase section */

/* Begin PBXTargetDependency section */
		96EC9E321F6D159C004BF0BE /* PBXTargetDependency */ = {
			isa = PBXTargetDependency;
			target = 96EC9E1B1F6D159C004BF0BE /* BackInvest */;
			targetProxy = 96EC9E311F6D159C004BF0BE /* PBXContainerItemProxy */;
		};
/* End PBXTargetDependency section */

/* Begin PBXVariantGroup section */
		584FAFB9F4AB0AF1F7105331 /* LaunchScreen.storyboard */ = {
			isa = PBXVariantGroup;
			children = (
				584FABCEB11E62552AD84DFA /* Base */,
			);
			name = LaunchScreen.storyboard;
			path = .;
			sourceTree = "<group>";
		};
/* End PBXVariantGroup section */

/* Begin XCBuildConfiguration section */
		96EC9E371F6D159C004BF0BE /* Debug */ = {
			isa = XCBuildConfiguration;
			buildSettings = {
				ALWAYS_SEARCH_USER_PATHS = NO;
				CLANG_ANALYZER_NONNULL = YES;
				CLANG_ANALYZER_NUMBER_OBJECT_CONVERSION = YES_AGGRESSIVE;
				CLANG_CXX_LANGUAGE_STANDARD = "gnu++0x";
				CLANG_CXX_LIBRARY = "libc++";
				CLANG_ENABLE_MODULES = YES;
				CLANG_ENABLE_OBJC_ARC = YES;
				CLANG_WARN_BOOL_CONVERSION = YES;
				CLANG_WARN_CONSTANT_CONVERSION = YES;
				CLANG_WARN_DIRECT_OBJC_ISA_USAGE = YES_ERROR;
				CLANG_WARN_DOCUMENTATION_COMMENTS = YES;
				CLANG_WARN_EMPTY_BODY = YES;
				CLANG_WARN_ENUM_CONVERSION = YES;
				CLANG_WARN_INFINITE_RECURSION = YES;
				CLANG_WARN_INT_CONVERSION = YES;
				CLANG_WARN_OBJC_ROOT_CLASS = YES_ERROR;
				CLANG_WARN_SUSPICIOUS_MOVE = YES;
				CLANG_WARN_UNREACHABLE_CODE = YES;
				CLANG_WARN__DUPLICATE_METHOD_MATCH = YES;
				"CODE_SIGN_IDENTITY[sdk=iphoneos*]" = "iPhone Developer";
				COPY_PHASE_STRIP = NO;
				DEBUG_INFORMATION_FORMAT = dwarf;
				ENABLE_STRICT_OBJC_MSGSEND = YES;
				ENABLE_TESTABILITY = YES;
				GCC_C_LANGUAGE_STANDARD = gnu99;
				GCC_DYNAMIC_NO_PIC = NO;
				GCC_NO_COMMON_BLOCKS = YES;
				GCC_OPTIMIZATION_LEVEL = 0;
				GCC_PREPROCESSOR_DEFINITIONS = (
					"DEBUG=1",
					"$(inherited)",
				);
				GCC_WARN_64_TO_32_BIT_CONVERSION = YES;
				GCC_WARN_ABOUT_RETURN_TYPE = YES_ERROR;
				GCC_WARN_UNDECLARED_SELECTOR = YES;
				GCC_WARN_UNINITIALIZED_AUTOS = YES_AGGRESSIVE;
				GCC_WARN_UNUSED_FUNCTION = YES;
				GCC_WARN_UNUSED_VARIABLE = YES;
				IPHONEOS_DEPLOYMENT_TARGET = 10.3;
				MTL_ENABLE_DEBUG_INFO = YES;
				ONLY_ACTIVE_ARCH = YES;
				SDKROOT = iphoneos;
				SWIFT_ACTIVE_COMPILATION_CONDITIONS = DEBUG;
				SWIFT_OPTIMIZATION_LEVEL = "-Onone";
				TARGETED_DEVICE_FAMILY = "1,2";
			};
			name = Debug;
		};
		96EC9E381F6D159C004BF0BE /* Release */ = {
			isa = XCBuildConfiguration;
			buildSettings = {
				ALWAYS_SEARCH_USER_PATHS = NO;
				CLANG_ANALYZER_NONNULL = YES;
				CLANG_ANALYZER_NUMBER_OBJECT_CONVERSION = YES_AGGRESSIVE;
				CLANG_CXX_LANGUAGE_STANDARD = "gnu++0x";
				CLANG_CXX_LIBRARY = "libc++";
				CLANG_ENABLE_MODULES = YES;
				CLANG_ENABLE_OBJC_ARC = YES;
				CLANG_WARN_BOOL_CONVERSION = YES;
				CLANG_WARN_CONSTANT_CONVERSION = YES;
				CLANG_WARN_DIRECT_OBJC_ISA_USAGE = YES_ERROR;
				CLANG_WARN_DOCUMENTATION_COMMENTS = YES;
				CLANG_WARN_EMPTY_BODY = YES;
				CLANG_WARN_ENUM_CONVERSION = YES;
				CLANG_WARN_INFINITE_RECURSION = YES;
				CLANG_WARN_INT_CONVERSION = YES;
				CLANG_WARN_OBJC_ROOT_CLASS = YES_ERROR;
				CLANG_WARN_SUSPICIOUS_MOVE = YES;
				CLANG_WARN_UNREACHABLE_CODE = YES;
				CLANG_WARN__DUPLICATE_METHOD_MATCH = YES;
				"CODE_SIGN_IDENTITY[sdk=iphoneos*]" = "iPhone Developer";
				COPY_PHASE_STRIP = NO;
				DEBUG_INFORMATION_FORMAT = "dwarf-with-dsym";
				ENABLE_NS_ASSERTIONS = NO;
				ENABLE_STRICT_OBJC_MSGSEND = YES;
				GCC_C_LANGUAGE_STANDARD = gnu99;
				GCC_NO_COMMON_BLOCKS = YES;
				GCC_WARN_64_TO_32_BIT_CONVERSION = YES;
				GCC_WARN_ABOUT_RETURN_TYPE = YES_ERROR;
				GCC_WARN_UNDECLARED_SELECTOR = YES;
				GCC_WARN_UNINITIALIZED_AUTOS = YES_AGGRESSIVE;
				GCC_WARN_UNUSED_FUNCTION = YES;
				GCC_WARN_UNUSED_VARIABLE = YES;
				IPHONEOS_DEPLOYMENT_TARGET = 10.3;
				MTL_ENABLE_DEBUG_INFO = NO;
				SDKROOT = iphoneos;
				SWIFT_OPTIMIZATION_LEVEL = "-Owholemodule";
				TARGETED_DEVICE_FAMILY = "1,2";
				VALIDATE_PRODUCT = YES;
			};
			name = Release;
		};
		96EC9E3A1F6D159C004BF0BE /* Debug */ = {
			isa = XCBuildConfiguration;
			baseConfigurationReference = A807F16C54D1D9F637E56793 /* Pods-BackInvest.debug.xcconfig */;
			buildSettings = {
				ASSETCATALOG_COMPILER_APPICON_NAME = AppIcon;
				DEVELOPMENT_TEAM = 262F459V52;
				INFOPLIST_FILE = "$(SRCROOT)/BackInvest/Supporting Files/Info.plist";
				LD_RUNPATH_SEARCH_PATHS = "$(inherited) @executable_path/Frameworks";
				PRODUCT_BUNDLE_IDENTIFIER = com.Jufy.BackInvest;
				PRODUCT_NAME = "$(TARGET_NAME)";
				SWIFT_VERSION = 3.0;
			};
			name = Debug;
		};
		96EC9E3B1F6D159C004BF0BE /* Release */ = {
			isa = XCBuildConfiguration;
			baseConfigurationReference = FF0ACB72D9C5DC54A564626E /* Pods-BackInvest.release.xcconfig */;
			buildSettings = {
				ASSETCATALOG_COMPILER_APPICON_NAME = AppIcon;
				DEVELOPMENT_TEAM = 262F459V52;
				INFOPLIST_FILE = "$(SRCROOT)/BackInvest/Supporting Files/Info.plist";
				LD_RUNPATH_SEARCH_PATHS = "$(inherited) @executable_path/Frameworks";
				PRODUCT_BUNDLE_IDENTIFIER = com.Jufy.BackInvest;
				PRODUCT_NAME = "$(TARGET_NAME)";
				SWIFT_VERSION = 3.0;
			};
			name = Release;
		};
		96EC9E3D1F6D159C004BF0BE /* Debug */ = {
			isa = XCBuildConfiguration;
			baseConfigurationReference = 808E98CF6BBB86A21AB50528 /* Pods-BackInvestTests.debug.xcconfig */;
			buildSettings = {
				ALWAYS_EMBED_SWIFT_STANDARD_LIBRARIES = YES;
				BUNDLE_LOADER = "$(TEST_HOST)";
				DEVELOPMENT_TEAM = 262F459V52;
				INFOPLIST_FILE = BackInvestTests/Info.plist;
				LD_RUNPATH_SEARCH_PATHS = "$(inherited) @executable_path/Frameworks @loader_path/Frameworks";
				PRODUCT_BUNDLE_IDENTIFIER = com.Jufy.BackInvestTests;
				PRODUCT_NAME = "$(TARGET_NAME)";
				SWIFT_VERSION = 3.0;
				TEST_HOST = "$(BUILT_PRODUCTS_DIR)/BackInvest.app/BackInvest";
			};
			name = Debug;
		};
		96EC9E3E1F6D159C004BF0BE /* Release */ = {
			isa = XCBuildConfiguration;
			baseConfigurationReference = 7908EEEE8D21F1574E5BE07E /* Pods-BackInvestTests.release.xcconfig */;
			buildSettings = {
				ALWAYS_EMBED_SWIFT_STANDARD_LIBRARIES = YES;
				BUNDLE_LOADER = "$(TEST_HOST)";
				DEVELOPMENT_TEAM = 262F459V52;
				INFOPLIST_FILE = BackInvestTests/Info.plist;
				LD_RUNPATH_SEARCH_PATHS = "$(inherited) @executable_path/Frameworks @loader_path/Frameworks";
				PRODUCT_BUNDLE_IDENTIFIER = com.Jufy.BackInvestTests;
				PRODUCT_NAME = "$(TARGET_NAME)";
				SWIFT_VERSION = 3.0;
				TEST_HOST = "$(BUILT_PRODUCTS_DIR)/BackInvest.app/BackInvest";
			};
			name = Release;
		};
/* End XCBuildConfiguration section */

/* Begin XCConfigurationList section */
		96EC9E171F6D159C004BF0BE /* Build configuration list for PBXProject "BackInvest" */ = {
			isa = XCConfigurationList;
			buildConfigurations = (
				96EC9E371F6D159C004BF0BE /* Debug */,
				96EC9E381F6D159C004BF0BE /* Release */,
			);
			defaultConfigurationIsVisible = 0;
			defaultConfigurationName = Release;
		};
		96EC9E391F6D159C004BF0BE /* Build configuration list for PBXNativeTarget "BackInvest" */ = {
			isa = XCConfigurationList;
			buildConfigurations = (
				96EC9E3A1F6D159C004BF0BE /* Debug */,
				96EC9E3B1F6D159C004BF0BE /* Release */,
			);
			defaultConfigurationIsVisible = 0;
			defaultConfigurationName = Release;
		};
		96EC9E3C1F6D159C004BF0BE /* Build configuration list for PBXNativeTarget "BackInvestTests" */ = {
			isa = XCConfigurationList;
			buildConfigurations = (
				96EC9E3D1F6D159C004BF0BE /* Debug */,
				96EC9E3E1F6D159C004BF0BE /* Release */,
			);
			defaultConfigurationIsVisible = 0;
			defaultConfigurationName = Release;
		};
/* End XCConfigurationList section */
	};
	rootObject = 96EC9E141F6D159C004BF0BE /* Project object */;
}
